
Microsoft Visual Studio Solution File, Format Version 12.00
# Visual Studio Version 17
VisualStudioVersion = 17.0.32014.148
MinimumVisualStudioVersion = 10.0.40219.1
Project("{9A19103F-16F7-4668-BE54-9A1E7A4F7556}") = "Recode_Api_Destinos", "Recode_Api_2022\Recode_Api_Destinos.csproj", "{54B34115-0A0C-46DF-B4BB-D12A27573096}"
EndProject
Global
	GlobalSection(SolutionConfigurationPlatforms) = preSolution
		Debug|Any CPU = Debug|Any CPU
		Release|Any CPU = Release|Any CPU
	EndGlobalSection
	GlobalSection(ProjectConfigurationPlatforms) = postSolution
		{54B34115-0A0C-46DF-B4BB-D12A27573096}.Debug|Any CPU.ActiveCfg = Debug|Any CPU
		{54B34115-0A0C-46DF-B4BB-D12A27573096}.Debug|Any CPU.Build.0 = Debug|Any CPU
		{54B34115-0A0C-46DF-B4BB-D12A27573096}.Release|Any CPU.ActiveCfg = Release|Any CPU
		{54B34115-0A0C-46DF-B4BB-D12A27573096}.Release|Any CPU.Build.0 = Release|Any CPU
	EndGlobalSection
	GlobalSection(SolutionProperties) = preSolution
		HideSolutionNode = FALSE
	EndGlobalSection
	GlobalSection(ExtensibilityGlobals) = postSolution
		SolutionGuid = {BA74A76D-3CBF-4281-A05A-768693C3B3FB}
	EndGlobalSection
EndGlobal
